
Microsoft Visual Studio Solution File, Format Version 12.00
# Visual Studio Version 17
VisualStudioVersion = 17.14.36511.14
MinimumVisualStudioVersion = 10.0.40219.1
Project("{FAE04EC0-301F-11D3-BF4B-00C04F79EFBC}") = "ReproductorMp3", "ReproductorMp3\ReproductorMp3.csproj", "{254BF227-969F-4103-B292-E3CD193AA48D}"
EndProject
Project("{FAE04EC0-301F-11D3-BF4B-00C04F79EFBC}") = "ReproductorMultimedia", "ReproductorMultimedia\ReproductorMultimedia.csproj", "{0FE6E938-0FFC-41F1-B191-128DB4690CCB}"
EndProject
Global
	GlobalSection(SolutionConfigurationPlatforms) = preSolution
		Debug|Any CPU = Debug|Any CPU
		Release|Any CPU = Release|Any CPU
	EndGlobalSection
	GlobalSection(ProjectConfigurationPlatforms) = postSolution
		{254BF227-969F-4103-B292-E3CD193AA48D}.Debug|Any CPU.ActiveCfg = Debug|Any CPU
		{254BF227-969F-4103-B292-E3CD193AA48D}.Debug|Any CPU.Build.0 = Debug|Any CPU
		{254BF227-969F-4103-B292-E3CD193AA48D}.Release|Any CPU.ActiveCfg = Release|Any CPU
		{254BF227-969F-4103-B292-E3CD193AA48D}.Release|Any CPU.Build.0 = Release|Any CPU
		{0FE6E938-0FFC-41F1-B191-128DB4690CCB}.Debug|Any CPU.ActiveCfg = Debug|Any CPU
		{0FE6E938-0FFC-41F1-B191-128DB4690CCB}.Debug|Any CPU.Build.0 = Debug|Any CPU
		{0FE6E938-0FFC-41F1-B191-128DB4690CCB}.Release|Any CPU.ActiveCfg = Release|Any CPU
		{0FE6E938-0FFC-41F1-B191-128DB4690CCB}.Release|Any CPU.Build.0 = Release|Any CPU
	EndGlobalSection
	GlobalSection(SolutionProperties) = preSolution
		HideSolutionNode = FALSE
	EndGlobalSection
	GlobalSection(ExtensibilityGlobals) = postSolution
		SolutionGuid = {C517AC28-8553-4071-A020-0ED5B43686B9}
	EndGlobalSection
EndGlobal
